
Microsoft Visual Studio Solution File, Format Version 12.00
# Visual Studio 14
VisualStudioVersion = 14.0.25123.0
MinimumVisualStudioVersion = 10.0.40219.1
Project("{FAE04EC0-301F-11D3-BF4B-00C04F79EFBC}") = "Chapter01-HelloWorld", "Chapter01-HelloWorld\Chapter01-HelloWorld.csproj", "{80E1E9FB-8609-4CEF-802A-364BCD6DF3C4}"
EndProject
Project("{FAE04EC0-301F-11D3-BF4B-00C04F79EFBC}") = "Chapter02.1-Event Click button", "Chapter02.1-Event Click button\Chapter02.1-Event Click button.csproj", "{4661B49A-3855-4B22-B9A3-DD3C137EF544}"
EndProject
Project("{FAE04EC0-301F-11D3-BF4B-00C04F79EFBC}") = "Chapter02.2-Event Click Show Popup", "Chapter02.2-Event Click Show Popup\Chapter02.2-Event Click Show Popup.csproj", "{9AC997F4-95B5-4149-B12D-0FA581D25AEA}"
EndProject
Project("{FAE04EC0-301F-11D3-BF4B-00C04F79EFBC}") = "Chapter02.3-Event AlertDialog", "Chapter02.3-Event AlertDialog\Chapter02.3-Event AlertDialog.csproj", "{11014E99-FBEF-4123-BA32-CA2B795DE07C}"
EndProject
Project("{FAE04EC0-301F-11D3-BF4B-00C04F79EFBC}") = "Chapter03.1-Maps.Goole", "Chapter03.1-Maps.Goole\Chapter03.1-Maps.Goole.csproj", "{7C7159CF-7380-415D-9877-F72B8147DDD3}"
EndProject
Project("{FAE04EC0-301F-11D3-BF4B-00C04F79EFBC}") = "Chapter03.2-Maps.GoogleFix", "Chapter03.2-Maps.GoogleFix\Chapter03.2-Maps.GoogleFix.csproj", "{D14E1785-B572-4EBE-A3D6-112E96708F2A}"
EndProject
Project("{FAE04EC0-301F-11D3-BF4B-00C04F79EFBC}") = "Chapter03.3-Maps_Google_Finish", "Chapter03.3-Maps_Google_Finish\Chapter03.3-Maps_Google_Finish.csproj", "{99613107-DAA9-4BDE-A670-2CD91A017C10}"
EndProject
Project("{FAE04EC0-301F-11D3-BF4B-00C04F79EFBC}") = "chapter03_4", "chapter03_4\chapter03_4.csproj", "{FF27D3C5-F42B-43E8-B4EE-049EDB8BD626}"
EndProject
Project("{FAE04EC0-301F-11D3-BF4B-00C04F79EFBC}") = "App1", "App1\App1.csproj", "{78D615FA-E611-4748-BE14-D0871DA20A8A}"
EndProject
Project("{FAE04EC0-301F-11D3-BF4B-00C04F79EFBC}") = "Chapter04.1-Web_Service_API", "Chapter04.1-Web_Service_API\Chapter04.1-Web_Service_API.csproj", "{62E390C3-9B3E-458E-B60B-AC6FC59BE402}"
EndProject
Project("{FAE04EC0-301F-11D3-BF4B-00C04F79EFBC}") = "helloworld", "helloworld\helloworld.csproj", "{5668A51E-D135-4A09-BB6E-91FC45B34D68}"
EndProject
Project("{FAE04EC0-301F-11D3-BF4B-00C04F79EFBC}") = "Chapter04.2-Web_Service_Set", "Chapter04.2-Web_Service_Set\Chapter04.2-Web_Service_Set.csproj", "{2D511168-658D-4A43-9233-7F5CC2139713}"
EndProject
Global
	GlobalSection(SolutionConfigurationPlatforms) = preSolution
		Ad-Hoc|Any CPU = Ad-Hoc|Any CPU
		Ad-Hoc|ARM = Ad-Hoc|ARM
		Ad-Hoc|iPhone = Ad-Hoc|iPhone
		Ad-Hoc|iPhoneSimulator = Ad-Hoc|iPhoneSimulator
		Ad-Hoc|x64 = Ad-Hoc|x64
		Ad-Hoc|x86 = Ad-Hoc|x86
		AppStore|Any CPU = AppStore|Any CPU
		AppStore|ARM = AppStore|ARM
		AppStore|iPhone = AppStore|iPhone
		AppStore|iPhoneSimulator = AppStore|iPhoneSimulator
		AppStore|x64 = AppStore|x64
		AppStore|x86 = AppStore|x86
		Debug|Any CPU = Debug|Any CPU
		Debug|ARM = Debug|ARM
		Debug|iPhone = Debug|iPhone
		Debug|iPhoneSimulator = Debug|iPhoneSimulator
		Debug|x64 = Debug|x64
		Debug|x86 = Debug|x86
		Release|Any CPU = Release|Any CPU
		Release|ARM = Release|ARM
		Release|iPhone = Release|iPhone
		Release|iPhoneSimulator = Release|iPhoneSimulator
		Release|x64 = Release|x64
		Release|x86 = Release|x86
	EndGlobalSection
	GlobalSection(ProjectConfigurationPlatforms) = postSolution
		{80E1E9FB-8609-4CEF-802A-364BCD6DF3C4}.Ad-Hoc|Any CPU.ActiveCfg = Release|Any CPU
		{80E1E9FB-8609-4CEF-802A-364BCD6DF3C4}.Ad-Hoc|ARM.ActiveCfg = Debug|Any CPU
		{80E1E9FB-8609-4CEF-802A-364BCD6DF3C4}.Ad-Hoc|iPhone.ActiveCfg = Release|Any CPU
		{80E1E9FB-8609-4CEF-802A-364BCD6DF3C4}.Ad-Hoc|iPhoneSimulator.ActiveCfg = Release|Any CPU
		{80E1E9FB-8609-4CEF-802A-364BCD6DF3C4}.Ad-Hoc|x64.ActiveCfg = Debug|Any CPU
		{80E1E9FB-8609-4CEF-802A-364BCD6DF3C4}.Ad-Hoc|x86.ActiveCfg = Debug|Any CPU
		{80E1E9FB-8609-4CEF-802A-364BCD6DF3C4}.AppStore|Any CPU.ActiveCfg = Release|Any CPU
		{80E1E9FB-8609-4CEF-802A-364BCD6DF3C4}.AppStore|ARM.ActiveCfg = Debug|Any CPU
		{80E1E9FB-8609-4CEF-802A-364BCD6DF3C4}.AppStore|iPhone.ActiveCfg = Release|Any CPU
		{80E1E9FB-8609-4CEF-802A-364BCD6DF3C4}.AppStore|iPhoneSimulator.ActiveCfg = Release|Any CPU
		{80E1E9FB-8609-4CEF-802A-364BCD6DF3C4}.AppStore|x64.ActiveCfg = Debug|Any CPU
		{80E1E9FB-8609-4CEF-802A-364BCD6DF3C4}.AppStore|x86.ActiveCfg = Debug|Any CPU
		{80E1E9FB-8609-4CEF-802A-364BCD6DF3C4}.Debug|Any CPU.ActiveCfg = Debug|Any CPU
		{80E1E9FB-8609-4CEF-802A-364BCD6DF3C4}.Debug|Any CPU.Build.0 = Debug|Any CPU
		{80E1E9FB-8609-4CEF-802A-364BCD6DF3C4}.Debug|Any CPU.Deploy.0 = Debug|Any CPU
		{80E1E9FB-8609-4CEF-802A-364BCD6DF3C4}.Debug|ARM.ActiveCfg = Debug|Any CPU
		{80E1E9FB-8609-4CEF-802A-364BCD6DF3C4}.Debug|iPhone.ActiveCfg = Debug|Any CPU
		{80E1E9FB-8609-4CEF-802A-364BCD6DF3C4}.Debug|iPhoneSimulator.ActiveCfg = Debug|Any CPU
		{80E1E9FB-8609-4CEF-802A-364BCD6DF3C4}.Debug|x64.ActiveCfg = Debug|Any CPU
		{80E1E9FB-8609-4CEF-802A-364BCD6DF3C4}.Debug|x86.ActiveCfg = Debug|Any CPU
		{80E1E9FB-8609-4CEF-802A-364BCD6DF3C4}.Release|Any CPU.ActiveCfg = Release|Any CPU
		{80E1E9FB-8609-4CEF-802A-364BCD6DF3C4}.Release|Any CPU.Build.0 = Release|Any CPU
		{80E1E9FB-8609-4CEF-802A-364BCD6DF3C4}.Release|Any CPU.Deploy.0 = Release|Any CPU
		{80E1E9FB-8609-4CEF-802A-364BCD6DF3C4}.Release|ARM.ActiveCfg = Release|Any CPU
		{80E1E9FB-8609-4CEF-802A-364BCD6DF3C4}.Release|iPhone.ActiveCfg = Release|Any CPU
		{80E1E9FB-8609-4CEF-802A-364BCD6DF3C4}.Release|iPhoneSimulator.ActiveCfg = Release|Any CPU
		{80E1E9FB-8609-4CEF-802A-364BCD6DF3C4}.Release|x64.ActiveCfg = Release|Any CPU
		{80E1E9FB-8609-4CEF-802A-364BCD6DF3C4}.Release|x86.ActiveCfg = Release|Any CPU
		{4661B49A-3855-4B22-B9A3-DD3C137EF544}.Ad-Hoc|Any CPU.ActiveCfg = Release|Any CPU
		{4661B49A-3855-4B22-B9A3-DD3C137EF544}.Ad-Hoc|ARM.ActiveCfg = Debug|Any CPU
		{4661B49A-3855-4B22-B9A3-DD3C137EF544}.Ad-Hoc|iPhone.ActiveCfg = Release|Any CPU
		{4661B49A-3855-4B22-B9A3-DD3C137EF544}.Ad-Hoc|iPhoneSimulator.ActiveCfg = Release|Any CPU
		{4661B49A-3855-4B22-B9A3-DD3C137EF544}.Ad-Hoc|x64.ActiveCfg = Debug|Any CPU
		{4661B49A-3855-4B22-B9A3-DD3C137EF544}.Ad-Hoc|x86.ActiveCfg = Debug|Any CPU
		{4661B49A-3855-4B22-B9A3-DD3C137EF544}.AppStore|Any CPU.ActiveCfg = Release|Any CPU
		{4661B49A-3855-4B22-B9A3-DD3C137EF544}.AppStore|ARM.ActiveCfg = Debug|Any CPU
		{4661B49A-3855-4B22-B9A3-DD3C137EF544}.AppStore|iPhone.ActiveCfg = Release|Any CPU
		{4661B49A-3855-4B22-B9A3-DD3C137EF544}.AppStore|iPhoneSimulator.ActiveCfg = Release|Any CPU
		{4661B49A-3855-4B22-B9A3-DD3C137EF544}.AppStore|x64.ActiveCfg = Debug|Any CPU
		{4661B49A-3855-4B22-B9A3-DD3C137EF544}.AppStore|x86.ActiveCfg = Debug|Any CPU
		{4661B49A-3855-4B22-B9A3-DD3C137EF544}.Debug|Any CPU.ActiveCfg = Debug|Any CPU
		{4661B49A-3855-4B22-B9A3-DD3C137EF544}.Debug|Any CPU.Build.0 = Debug|Any CPU
		{4661B49A-3855-4B22-B9A3-DD3C137EF544}.Debug|Any CPU.Deploy.0 = Debug|Any CPU
		{4661B49A-3855-4B22-B9A3-DD3C137EF544}.Debug|ARM.ActiveCfg = Debug|Any CPU
		{4661B49A-3855-4B22-B9A3-DD3C137EF544}.Debug|iPhone.ActiveCfg = Debug|Any CPU
		{4661B49A-3855-4B22-B9A3-DD3C137EF544}.Debug|iPhoneSimulator.ActiveCfg = Debug|Any CPU
		{4661B49A-3855-4B22-B9A3-DD3C137EF544}.Debug|x64.ActiveCfg = Debug|Any CPU
		{4661B49A-3855-4B22-B9A3-DD3C137EF544}.Debug|x86.ActiveCfg = Debug|Any CPU
		{4661B49A-3855-4B22-B9A3-DD3C137EF544}.Release|Any CPU.ActiveCfg = Release|Any CPU
		{4661B49A-3855-4B22-B9A3-DD3C137EF544}.Release|Any CPU.Build.0 = Release|Any CPU
		{4661B49A-3855-4B22-B9A3-DD3C137EF544}.Release|Any CPU.Deploy.0 = Release|Any CPU
		{4661B49A-3855-4B22-B9A3-DD3C137EF544}.Release|ARM.ActiveCfg = Release|Any CPU
		{4661B49A-3855-4B22-B9A3-DD3C137EF544}.Release|iPhone.ActiveCfg = Release|Any CPU
		{4661B49A-3855-4B22-B9A3-DD3C137EF544}.Release|iPhoneSimulator.ActiveCfg = Release|Any CPU
		{4661B49A-3855-4B22-B9A3-DD3C137EF544}.Release|x64.ActiveCfg = Release|Any CPU
		{4661B49A-3855-4B22-B9A3-DD3C137EF544}.Release|x86.ActiveCfg = Release|Any CPU
		{9AC997F4-95B5-4149-B12D-0FA581D25AEA}.Ad-Hoc|Any CPU.ActiveCfg = Release|Any CPU
		{9AC997F4-95B5-4149-B12D-0FA581D25AEA}.Ad-Hoc|ARM.ActiveCfg = Debug|Any CPU
		{9AC997F4-95B5-4149-B12D-0FA581D25AEA}.Ad-Hoc|iPhone.ActiveCfg = Release|Any CPU
		{9AC997F4-95B5-4149-B12D-0FA581D25AEA}.Ad-Hoc|iPhoneSimulator.ActiveCfg = Release|Any CPU
		{9AC997F4-95B5-4149-B12D-0FA581D25AEA}.Ad-Hoc|x64.ActiveCfg = Debug|Any CPU
		{9AC997F4-95B5-4149-B12D-0FA581D25AEA}.Ad-Hoc|x86.ActiveCfg = Debug|Any CPU
		{9AC997F4-95B5-4149-B12D-0FA581D25AEA}.AppStore|Any CPU.ActiveCfg = Release|Any CPU
		{9AC997F4-95B5-4149-B12D-0FA581D25AEA}.AppStore|ARM.ActiveCfg = Debug|Any CPU
		{9AC997F4-95B5-4149-B12D-0FA581D25AEA}.AppStore|iPhone.ActiveCfg = Release|Any CPU
		{9AC997F4-95B5-4149-B12D-0FA581D25AEA}.AppStore|iPhoneSimulator.ActiveCfg = Release|Any CPU
		{9AC997F4-95B5-4149-B12D-0FA581D25AEA}.AppStore|x64.ActiveCfg = Debug|Any CPU
		{9AC997F4-95B5-4149-B12D-0FA581D25AEA}.AppStore|x86.ActiveCfg = Debug|Any CPU
		{9AC997F4-95B5-4149-B12D-0FA581D25AEA}.Debug|Any CPU.ActiveCfg = Debug|Any CPU
		{9AC997F4-95B5-4149-B12D-0FA581D25AEA}.Debug|Any CPU.Build.0 = Debug|Any CPU
		{9AC997F4-95B5-4149-B12D-0FA581D25AEA}.Debug|Any CPU.Deploy.0 = Debug|Any CPU
		{9AC997F4-95B5-4149-B12D-0FA581D25AEA}.Debug|ARM.ActiveCfg = Debug|Any CPU
		{9AC997F4-95B5-4149-B12D-0FA581D25AEA}.Debug|iPhone.ActiveCfg = Debug|Any CPU
		{9AC997F4-95B5-4149-B12D-0FA581D25AEA}.Debug|iPhoneSimulator.ActiveCfg = Debug|Any CPU
		{9AC997F4-95B5-4149-B12D-0FA581D25AEA}.Debug|x64.ActiveCfg = Debug|Any CPU
		{9AC997F4-95B5-4149-B12D-0FA581D25AEA}.Debug|x86.ActiveCfg = Debug|Any CPU
		{9AC997F4-95B5-4149-B12D-0FA581D25AEA}.Release|Any CPU.ActiveCfg = Release|Any CPU
		{9AC997F4-95B5-4149-B12D-0FA581D25AEA}.Release|Any CPU.Build.0 = Release|Any CPU
		{9AC997F4-95B5-4149-B12D-0FA581D25AEA}.Release|Any CPU.Deploy.0 = Release|Any CPU
		{9AC997F4-95B5-4149-B12D-0FA581D25AEA}.Release|ARM.ActiveCfg = Release|Any CPU
		{9AC997F4-95B5-4149-B12D-0FA581D25AEA}.Release|iPhone.ActiveCfg = Release|Any CPU
		{9AC997F4-95B5-4149-B12D-0FA581D25AEA}.Release|iPhoneSimulator.ActiveCfg = Release|Any CPU
		{9AC997F4-95B5-4149-B12D-0FA581D25AEA}.Release|x64.ActiveCfg = Release|Any CPU
		{9AC997F4-95B5-4149-B12D-0FA581D25AEA}.Release|x86.ActiveCfg = Release|Any CPU
		{11014E99-FBEF-4123-BA32-CA2B795DE07C}.Ad-Hoc|Any CPU.ActiveCfg = Release|Any CPU
		{11014E99-FBEF-4123-BA32-CA2B795DE07C}.Ad-Hoc|ARM.ActiveCfg = Debug|Any CPU
		{11014E99-FBEF-4123-BA32-CA2B795DE07C}.Ad-Hoc|iPhone.ActiveCfg = Release|Any CPU
		{11014E99-FBEF-4123-BA32-CA2B795DE07C}.Ad-Hoc|iPhoneSimulator.ActiveCfg = Release|Any CPU
		{11014E99-FBEF-4123-BA32-CA2B795DE07C}.Ad-Hoc|x64.ActiveCfg = Debug|Any CPU
		{11014E99-FBEF-4123-BA32-CA2B795DE07C}.Ad-Hoc|x86.ActiveCfg = Debug|Any CPU
		{11014E99-FBEF-4123-BA32-CA2B795DE07C}.AppStore|Any CPU.ActiveCfg = Release|Any CPU
		{11014E99-FBEF-4123-BA32-CA2B795DE07C}.AppStore|ARM.ActiveCfg = Debug|Any CPU
		{11014E99-FBEF-4123-BA32-CA2B795DE07C}.AppStore|iPhone.ActiveCfg = Release|Any CPU
		{11014E99-FBEF-4123-BA32-CA2B795DE07C}.AppStore|iPhoneSimulator.ActiveCfg = Release|Any CPU
		{11014E99-FBEF-4123-BA32-CA2B795DE07C}.AppStore|x64.ActiveCfg = Debug|Any CPU
		{11014E99-FBEF-4123-BA32-CA2B795DE07C}.AppStore|x86.ActiveCfg = Debug|Any CPU
		{11014E99-FBEF-4123-BA32-CA2B795DE07C}.Debug|Any CPU.ActiveCfg = Debug|Any CPU
		{11014E99-FBEF-4123-BA32-CA2B795DE07C}.Debug|Any CPU.Build.0 = Debug|Any CPU
		{11014E99-FBEF-4123-BA32-CA2B795DE07C}.Debug|Any CPU.Deploy.0 = Debug|Any CPU
		{11014E99-FBEF-4123-BA32-CA2B795DE07C}.Debug|ARM.ActiveCfg = Debug|Any CPU
		{11014E99-FBEF-4123-BA32-CA2B795DE07C}.Debug|iPhone.ActiveCfg = Debug|Any CPU
		{11014E99-FBEF-4123-BA32-CA2B795DE07C}.Debug|iPhoneSimulator.ActiveCfg = Debug|Any CPU
		{11014E99-FBEF-4123-BA32-CA2B795DE07C}.Debug|x64.ActiveCfg = Debug|Any CPU
		{11014E99-FBEF-4123-BA32-CA2B795DE07C}.Debug|x86.ActiveCfg = Debug|Any CPU
		{11014E99-FBEF-4123-BA32-CA2B795DE07C}.Release|Any CPU.ActiveCfg = Release|Any CPU
		{11014E99-FBEF-4123-BA32-CA2B795DE07C}.Release|Any CPU.Build.0 = Release|Any CPU
		{11014E99-FBEF-4123-BA32-CA2B795DE07C}.Release|Any CPU.Deploy.0 = Release|Any CPU
		{11014E99-FBEF-4123-BA32-CA2B795DE07C}.Release|ARM.ActiveCfg = Release|Any CPU
		{11014E99-FBEF-4123-BA32-CA2B795DE07C}.Release|iPhone.ActiveCfg = Release|Any CPU
		{11014E99-FBEF-4123-BA32-CA2B795DE07C}.Release|iPhoneSimulator.ActiveCfg = Release|Any CPU
		{11014E99-FBEF-4123-BA32-CA2B795DE07C}.Release|x64.ActiveCfg = Release|Any CPU
		{11014E99-FBEF-4123-BA32-CA2B795DE07C}.Release|x86.ActiveCfg = Release|Any CPU
		{7C7159CF-7380-415D-9877-F72B8147DDD3}.Ad-Hoc|Any CPU.ActiveCfg = Release|Any CPU
		{7C7159CF-7380-415D-9877-F72B8147DDD3}.Ad-Hoc|Any CPU.Build.0 = Release|Any CPU
		{7C7159CF-7380-415D-9877-F72B8147DDD3}.Ad-Hoc|Any CPU.Deploy.0 = Release|Any CPU
		{7C7159CF-7380-415D-9877-F72B8147DDD3}.Ad-Hoc|ARM.ActiveCfg = Release|Any CPU
		{7C7159CF-7380-415D-9877-F72B8147DDD3}.Ad-Hoc|ARM.Build.0 = Release|Any CPU
		{7C7159CF-7380-415D-9877-F72B8147DDD3}.Ad-Hoc|ARM.Deploy.0 = Release|Any CPU
		{7C7159CF-7380-415D-9877-F72B8147DDD3}.Ad-Hoc|iPhone.ActiveCfg = Release|Any CPU
		{7C7159CF-7380-415D-9877-F72B8147DDD3}.Ad-Hoc|iPhone.Build.0 = Release|Any CPU
		{7C7159CF-7380-415D-9877-F72B8147DDD3}.Ad-Hoc|iPhone.Deploy.0 = Release|Any CPU
		{7C7159CF-7380-415D-9877-F72B8147DDD3}.Ad-Hoc|iPhoneSimulator.ActiveCfg = Release|Any CPU
		{7C7159CF-7380-415D-9877-F72B8147DDD3}.Ad-Hoc|iPhoneSimulator.Build.0 = Release|Any CPU
		{7C7159CF-7380-415D-9877-F72B8147DDD3}.Ad-Hoc|iPhoneSimulator.Deploy.0 = Release|Any CPU
		{7C7159CF-7380-415D-9877-F72B8147DDD3}.Ad-Hoc|x64.ActiveCfg = Release|Any CPU
		{7C7159CF-7380-415D-9877-F72B8147DDD3}.Ad-Hoc|x64.Build.0 = Release|Any CPU
		{7C7159CF-7380-415D-9877-F72B8147DDD3}.Ad-Hoc|x64.Deploy.0 = Release|Any CPU
		{7C7159CF-7380-415D-9877-F72B8147DDD3}.Ad-Hoc|x86.ActiveCfg = Release|Any CPU
		{7C7159CF-7380-415D-9877-F72B8147DDD3}.Ad-Hoc|x86.Build.0 = Release|Any CPU
		{7C7159CF-7380-415D-9877-F72B8147DDD3}.Ad-Hoc|x86.Deploy.0 = Release|Any CPU
		{7C7159CF-7380-415D-9877-F72B8147DDD3}.AppStore|Any CPU.ActiveCfg = Release|Any CPU
		{7C7159CF-7380-415D-9877-F72B8147DDD3}.AppStore|Any CPU.Build.0 = Release|Any CPU
		{7C7159CF-7380-415D-9877-F72B8147DDD3}.AppStore|Any CPU.Deploy.0 = Release|Any CPU
		{7C7159CF-7380-415D-9877-F72B8147DDD3}.AppStore|ARM.ActiveCfg = Release|Any CPU
		{7C7159CF-7380-415D-9877-F72B8147DDD3}.AppStore|ARM.Build.0 = Release|Any CPU
		{7C7159CF-7380-415D-9877-F72B8147DDD3}.AppStore|ARM.Deploy.0 = Release|Any CPU
		{7C7159CF-7380-415D-9877-F72B8147DDD3}.AppStore|iPhone.ActiveCfg = Release|Any CPU
		{7C7159CF-7380-415D-9877-F72B8147DDD3}.AppStore|iPhone.Build.0 = Release|Any CPU
		{7C7159CF-7380-415D-9877-F72B8147DDD3}.AppStore|iPhone.Deploy.0 = Release|Any CPU
		{7C7159CF-7380-415D-9877-F72B8147DDD3}.AppStore|iPhoneSimulator.ActiveCfg = Release|Any CPU
		{7C7159CF-7380-415D-9877-F72B8147DDD3}.AppStore|iPhoneSimulator.Build.0 = Release|Any CPU
		{7C7159CF-7380-415D-9877-F72B8147DDD3}.AppStore|iPhoneSimulator.Deploy.0 = Release|Any CPU
		{7C7159CF-7380-415D-9877-F72B8147DDD3}.AppStore|x64.ActiveCfg = Release|Any CPU
		{7C7159CF-7380-415D-9877-F72B8147DDD3}.AppStore|x64.Build.0 = Release|Any CPU
		{7C7159CF-7380-415D-9877-F72B8147DDD3}.AppStore|x64.Deploy.0 = Release|Any CPU
		{7C7159CF-7380-415D-9877-F72B8147DDD3}.AppStore|x86.ActiveCfg = Release|Any CPU
		{7C7159CF-7380-415D-9877-F72B8147DDD3}.AppStore|x86.Build.0 = Release|Any CPU
		{7C7159CF-7380-415D-9877-F72B8147DDD3}.AppStore|x86.Deploy.0 = Release|Any CPU
		{7C7159CF-7380-415D-9877-F72B8147DDD3}.Debug|Any CPU.ActiveCfg = Debug|Any CPU
		{7C7159CF-7380-415D-9877-F72B8147DDD3}.Debug|Any CPU.Build.0 = Debug|Any CPU
		{7C7159CF-7380-415D-9877-F72B8147DDD3}.Debug|Any CPU.Deploy.0 = Debug|Any CPU
		{7C7159CF-7380-415D-9877-F72B8147DDD3}.Debug|ARM.ActiveCfg = Debug|Any CPU
		{7C7159CF-7380-415D-9877-F72B8147DDD3}.Debug|ARM.Build.0 = Debug|Any CPU
		{7C7159CF-7380-415D-9877-F72B8147DDD3}.Debug|ARM.Deploy.0 = Debug|Any CPU
		{7C7159CF-7380-415D-9877-F72B8147DDD3}.Debug|iPhone.ActiveCfg = Debug|Any CPU
		{7C7159CF-7380-415D-9877-F72B8147DDD3}.Debug|iPhone.Build.0 = Debug|Any CPU
		{7C7159CF-7380-415D-9877-F72B8147DDD3}.Debug|iPhone.Deploy.0 = Debug|Any CPU
		{7C7159CF-7380-415D-9877-F72B8147DDD3}.Debug|iPhoneSimulator.ActiveCfg = Debug|Any CPU
		{7C7159CF-7380-415D-9877-F72B8147DDD3}.Debug|iPhoneSimulator.Build.0 = Debug|Any CPU
		{7C7159CF-7380-415D-9877-F72B8147DDD3}.Debug|iPhoneSimulator.Deploy.0 = Debug|Any CPU
		{7C7159CF-7380-415D-9877-F72B8147DDD3}.Debug|x64.ActiveCfg = Debug|Any CPU
		{7C7159CF-7380-415D-9877-F72B8147DDD3}.Debug|x64.Build.0 = Debug|Any CPU
		{7C7159CF-7380-415D-9877-F72B8147DDD3}.Debug|x64.Deploy.0 = Debug|Any CPU
		{7C7159CF-7380-415D-9877-F72B8147DDD3}.Debug|x86.ActiveCfg = Debug|Any CPU
		{7C7159CF-7380-415D-9877-F72B8147DDD3}.Debug|x86.Build.0 = Debug|Any CPU
		{7C7159CF-7380-415D-9877-F72B8147DDD3}.Debug|x86.Deploy.0 = Debug|Any CPU
		{7C7159CF-7380-415D-9877-F72B8147DDD3}.Release|Any CPU.ActiveCfg = Release|Any CPU
		{7C7159CF-7380-415D-9877-F72B8147DDD3}.Release|Any CPU.Build.0 = Release|Any CPU
		{7C7159CF-7380-415D-9877-F72B8147DDD3}.Release|Any CPU.Deploy.0 = Release|Any CPU
		{7C7159CF-7380-415D-9877-F72B8147DDD3}.Release|ARM.ActiveCfg = Release|Any CPU
		{7C7159CF-7380-415D-9877-F72B8147DDD3}.Release|ARM.Build.0 = Release|Any CPU
		{7C7159CF-7380-415D-9877-F72B8147DDD3}.Release|ARM.Deploy.0 = Release|Any CPU
		{7C7159CF-7380-415D-9877-F72B8147DDD3}.Release|iPhone.ActiveCfg = Release|Any CPU
		{7C7159CF-7380-415D-9877-F72B8147DDD3}.Release|iPhone.Build.0 = Release|Any CPU
		{7C7159CF-7380-415D-9877-F72B8147DDD3}.Release|iPhone.Deploy.0 = Release|Any CPU
		{7C7159CF-7380-415D-9877-F72B8147DDD3}.Release|iPhoneSimulator.ActiveCfg = Release|Any CPU
		{7C7159CF-7380-415D-9877-F72B8147DDD3}.Release|iPhoneSimulator.Build.0 = Release|Any CPU
		{7C7159CF-7380-415D-9877-F72B8147DDD3}.Release|iPhoneSimulator.Deploy.0 = Release|Any CPU
		{7C7159CF-7380-415D-9877-F72B8147DDD3}.Release|x64.ActiveCfg = Release|Any CPU
		{7C7159CF-7380-415D-9877-F72B8147DDD3}.Release|x64.Build.0 = Release|Any CPU
		{7C7159CF-7380-415D-9877-F72B8147DDD3}.Release|x64.Deploy.0 = Release|Any CPU
		{7C7159CF-7380-415D-9877-F72B8147DDD3}.Release|x86.ActiveCfg = Release|Any CPU
		{7C7159CF-7380-415D-9877-F72B8147DDD3}.Release|x86.Build.0 = Release|Any CPU
		{7C7159CF-7380-415D-9877-F72B8147DDD3}.Release|x86.Deploy.0 = Release|Any CPU
		{D14E1785-B572-4EBE-A3D6-112E96708F2A}.Ad-Hoc|Any CPU.ActiveCfg = Release|Any CPU
		{D14E1785-B572-4EBE-A3D6-112E96708F2A}.Ad-Hoc|Any CPU.Build.0 = Release|Any CPU
		{D14E1785-B572-4EBE-A3D6-112E96708F2A}.Ad-Hoc|Any CPU.Deploy.0 = Release|Any CPU
		{D14E1785-B572-4EBE-A3D6-112E96708F2A}.Ad-Hoc|ARM.ActiveCfg = Release|Any CPU
		{D14E1785-B572-4EBE-A3D6-112E96708F2A}.Ad-Hoc|ARM.Build.0 = Release|Any CPU
		{D14E1785-B572-4EBE-A3D6-112E96708F2A}.Ad-Hoc|ARM.Deploy.0 = Release|Any CPU
		{D14E1785-B572-4EBE-A3D6-112E96708F2A}.Ad-Hoc|iPhone.ActiveCfg = Release|Any CPU
		{D14E1785-B572-4EBE-A3D6-112E96708F2A}.Ad-Hoc|iPhone.Build.0 = Release|Any CPU
		{D14E1785-B572-4EBE-A3D6-112E96708F2A}.Ad-Hoc|iPhone.Deploy.0 = Release|Any CPU
		{D14E1785-B572-4EBE-A3D6-112E96708F2A}.Ad-Hoc|iPhoneSimulator.ActiveCfg = Release|Any CPU
		{D14E1785-B572-4EBE-A3D6-112E96708F2A}.Ad-Hoc|iPhoneSimulator.Build.0 = Release|Any CPU
		{D14E1785-B572-4EBE-A3D6-112E96708F2A}.Ad-Hoc|iPhoneSimulator.Deploy.0 = Release|Any CPU
		{D14E1785-B572-4EBE-A3D6-112E96708F2A}.Ad-Hoc|x64.ActiveCfg = Release|Any CPU
		{D14E1785-B572-4EBE-A3D6-112E96708F2A}.Ad-Hoc|x64.Build.0 = Release|Any CPU
		{D14E1785-B572-4EBE-A3D6-112E96708F2A}.Ad-Hoc|x64.Deploy.0 = Release|Any CPU
		{D14E1785-B572-4EBE-A3D6-112E96708F2A}.Ad-Hoc|x86.ActiveCfg = Release|Any CPU
		{D14E1785-B572-4EBE-A3D6-112E96708F2A}.Ad-Hoc|x86.Build.0 = Release|Any CPU
		{D14E1785-B572-4EBE-A3D6-112E96708F2A}.Ad-Hoc|x86.Deploy.0 = Release|Any CPU
		{D14E1785-B572-4EBE-A3D6-112E96708F2A}.AppStore|Any CPU.ActiveCfg = Release|Any CPU
		{D14E1785-B572-4EBE-A3D6-112E96708F2A}.AppStore|Any CPU.Build.0 = Release|Any CPU
		{D14E1785-B572-4EBE-A3D6-112E96708F2A}.AppStore|Any CPU.Deploy.0 = Release|Any CPU
		{D14E1785-B572-4EBE-A3D6-112E96708F2A}.AppStore|ARM.ActiveCfg = Release|Any CPU
		{D14E1785-B572-4EBE-A3D6-112E96708F2A}.AppStore|ARM.Build.0 = Release|Any CPU
		{D14E1785-B572-4EBE-A3D6-112E96708F2A}.AppStore|ARM.Deploy.0 = Release|Any CPU
		{D14E1785-B572-4EBE-A3D6-112E96708F2A}.AppStore|iPhone.ActiveCfg = Release|Any CPU
		{D14E1785-B572-4EBE-A3D6-112E96708F2A}.AppStore|iPhone.Build.0 = Release|Any CPU
		{D14E1785-B572-4EBE-A3D6-112E96708F2A}.AppStore|iPhone.Deploy.0 = Release|Any CPU
		{D14E1785-B572-4EBE-A3D6-112E96708F2A}.AppStore|iPhoneSimulator.ActiveCfg = Release|Any CPU
		{D14E1785-B572-4EBE-A3D6-112E96708F2A}.AppStore|iPhoneSimulator.Build.0 = Release|Any CPU
		{D14E1785-B572-4EBE-A3D6-112E96708F2A}.AppStore|iPhoneSimulator.Deploy.0 = Release|Any CPU
		{D14E1785-B572-4EBE-A3D6-112E96708F2A}.AppStore|x64.ActiveCfg = Release|Any CPU
		{D14E1785-B572-4EBE-A3D6-112E96708F2A}.AppStore|x64.Build.0 = Release|Any CPU
		{D14E1785-B572-4EBE-A3D6-112E96708F2A}.AppStore|x64.Deploy.0 = Release|Any CPU
		{D14E1785-B572-4EBE-A3D6-112E96708F2A}.AppStore|x86.ActiveCfg = Release|Any CPU
		{D14E1785-B572-4EBE-A3D6-112E96708F2A}.AppStore|x86.Build.0 = Release|Any CPU
		{D14E1785-B572-4EBE-A3D6-112E96708F2A}.AppStore|x86.Deploy.0 = Release|Any CPU
		{D14E1785-B572-4EBE-A3D6-112E96708F2A}.Debug|Any CPU.ActiveCfg = Debug|Any CPU
		{D14E1785-B572-4EBE-A3D6-112E96708F2A}.Debug|Any CPU.Build.0 = Debug|Any CPU
		{D14E1785-B572-4EBE-A3D6-112E96708F2A}.Debug|Any CPU.Deploy.0 = Debug|Any CPU
		{D14E1785-B572-4EBE-A3D6-112E96708F2A}.Debug|ARM.ActiveCfg = Debug|Any CPU
		{D14E1785-B572-4EBE-A3D6-112E96708F2A}.Debug|ARM.Build.0 = Debug|Any CPU
		{D14E1785-B572-4EBE-A3D6-112E96708F2A}.Debug|ARM.Deploy.0 = Debug|Any CPU
		{D14E1785-B572-4EBE-A3D6-112E96708F2A}.Debug|iPhone.ActiveCfg = Debug|Any CPU
		{D14E1785-B572-4EBE-A3D6-112E96708F2A}.Debug|iPhone.Build.0 = Debug|Any CPU
		{D14E1785-B572-4EBE-A3D6-112E96708F2A}.Debug|iPhone.Deploy.0 = Debug|Any CPU
		{D14E1785-B572-4EBE-A3D6-112E96708F2A}.Debug|iPhoneSimulator.ActiveCfg = Debug|Any CPU
		{D14E1785-B572-4EBE-A3D6-112E96708F2A}.Debug|iPhoneSimulator.Build.0 = Debug|Any CPU
		{D14E1785-B572-4EBE-A3D6-112E96708F2A}.Debug|iPhoneSimulator.Deploy.0 = Debug|Any CPU
		{D14E1785-B572-4EBE-A3D6-112E96708F2A}.Debug|x64.ActiveCfg = Debug|Any CPU
		{D14E1785-B572-4EBE-A3D6-112E96708F2A}.Debug|x64.Build.0 = Debug|Any CPU
		{D14E1785-B572-4EBE-A3D6-112E96708F2A}.Debug|x64.Deploy.0 = Debug|Any CPU
		{D14E1785-B572-4EBE-A3D6-112E96708F2A}.Debug|x86.ActiveCfg = Debug|Any CPU
		{D14E1785-B572-4EBE-A3D6-112E96708F2A}.Debug|x86.Build.0 = Debug|Any CPU
		{D14E1785-B572-4EBE-A3D6-112E96708F2A}.Debug|x86.Deploy.0 = Debug|Any CPU
		{D14E1785-B572-4EBE-A3D6-112E96708F2A}.Release|Any CPU.ActiveCfg = Release|Any CPU
		{D14E1785-B572-4EBE-A3D6-112E96708F2A}.Release|Any CPU.Build.0 = Release|Any CPU
		{D14E1785-B572-4EBE-A3D6-112E96708F2A}.Release|Any CPU.Deploy.0 = Release|Any CPU
		{D14E1785-B572-4EBE-A3D6-112E96708F2A}.Release|ARM.ActiveCfg = Release|Any CPU
		{D14E1785-B572-4EBE-A3D6-112E96708F2A}.Release|ARM.Build.0 = Release|Any CPU
		{D14E1785-B572-4EBE-A3D6-112E96708F2A}.Release|ARM.Deploy.0 = Release|Any CPU
		{D14E1785-B572-4EBE-A3D6-112E96708F2A}.Release|iPhone.ActiveCfg = Release|Any CPU
		{D14E1785-B572-4EBE-A3D6-112E96708F2A}.Release|iPhone.Build.0 = Release|Any CPU
		{D14E1785-B572-4EBE-A3D6-112E96708F2A}.Release|iPhone.Deploy.0 = Release|Any CPU
		{D14E1785-B572-4EBE-A3D6-112E96708F2A}.Release|iPhoneSimulator.ActiveCfg = Release|Any CPU
		{D14E1785-B572-4EBE-A3D6-112E96708F2A}.Release|iPhoneSimulator.Build.0 = Release|Any CPU
		{D14E1785-B572-4EBE-A3D6-112E96708F2A}.Release|iPhoneSimulator.Deploy.0 = Release|Any CPU
		{D14E1785-B572-4EBE-A3D6-112E96708F2A}.Release|x64.ActiveCfg = Release|Any CPU
		{D14E1785-B572-4EBE-A3D6-112E96708F2A}.Release|x64.Build.0 = Release|Any CPU
		{D14E1785-B572-4EBE-A3D6-112E96708F2A}.Release|x64.Deploy.0 = Release|Any CPU
		{D14E1785-B572-4EBE-A3D6-112E96708F2A}.Release|x86.ActiveCfg = Release|Any CPU
		{D14E1785-B572-4EBE-A3D6-112E96708F2A}.Release|x86.Build.0 = Release|Any CPU
		{D14E1785-B572-4EBE-A3D6-112E96708F2A}.Release|x86.Deploy.0 = Release|Any CPU
		{99613107-DAA9-4BDE-A670-2CD91A017C10}.Ad-Hoc|Any CPU.ActiveCfg = Release|Any CPU
		{99613107-DAA9-4BDE-A670-2CD91A017C10}.Ad-Hoc|Any CPU.Build.0 = Release|Any CPU
		{99613107-DAA9-4BDE-A670-2CD91A017C10}.Ad-Hoc|Any CPU.Deploy.0 = Release|Any CPU
		{99613107-DAA9-4BDE-A670-2CD91A017C10}.Ad-Hoc|ARM.ActiveCfg = Release|Any CPU
		{99613107-DAA9-4BDE-A670-2CD91A017C10}.Ad-Hoc|ARM.Build.0 = Release|Any CPU
		{99613107-DAA9-4BDE-A670-2CD91A017C10}.Ad-Hoc|ARM.Deploy.0 = Release|Any CPU
		{99613107-DAA9-4BDE-A670-2CD91A017C10}.Ad-Hoc|iPhone.ActiveCfg = Release|Any CPU
		{99613107-DAA9-4BDE-A670-2CD91A017C10}.Ad-Hoc|iPhone.Build.0 = Release|Any CPU
		{99613107-DAA9-4BDE-A670-2CD91A017C10}.Ad-Hoc|iPhone.Deploy.0 = Release|Any CPU
		{99613107-DAA9-4BDE-A670-2CD91A017C10}.Ad-Hoc|iPhoneSimulator.ActiveCfg = Release|Any CPU
		{99613107-DAA9-4BDE-A670-2CD91A017C10}.Ad-Hoc|iPhoneSimulator.Build.0 = Release|Any CPU
		{99613107-DAA9-4BDE-A670-2CD91A017C10}.Ad-Hoc|iPhoneSimulator.Deploy.0 = Release|Any CPU
		{99613107-DAA9-4BDE-A670-2CD91A017C10}.Ad-Hoc|x64.ActiveCfg = Release|Any CPU
		{99613107-DAA9-4BDE-A670-2CD91A017C10}.Ad-Hoc|x64.Build.0 = Release|Any CPU
		{99613107-DAA9-4BDE-A670-2CD91A017C10}.Ad-Hoc|x64.Deploy.0 = Release|Any CPU
		{99613107-DAA9-4BDE-A670-2CD91A017C10}.Ad-Hoc|x86.ActiveCfg = Release|Any CPU
		{99613107-DAA9-4BDE-A670-2CD91A017C10}.Ad-Hoc|x86.Build.0 = Release|Any CPU
		{99613107-DAA9-4BDE-A670-2CD91A017C10}.Ad-Hoc|x86.Deploy.0 = Release|Any CPU
		{99613107-DAA9-4BDE-A670-2CD91A017C10}.AppStore|Any CPU.ActiveCfg = Release|Any CPU
		{99613107-DAA9-4BDE-A670-2CD91A017C10}.AppStore|Any CPU.Build.0 = Release|Any CPU
		{99613107-DAA9-4BDE-A670-2CD91A017C10}.AppStore|Any CPU.Deploy.0 = Release|Any CPU
		{99613107-DAA9-4BDE-A670-2CD91A017C10}.AppStore|ARM.ActiveCfg = Release|Any CPU
		{99613107-DAA9-4BDE-A670-2CD91A017C10}.AppStore|ARM.Build.0 = Release|Any CPU
		{99613107-DAA9-4BDE-A670-2CD91A017C10}.AppStore|ARM.Deploy.0 = Release|Any CPU
		{99613107-DAA9-4BDE-A670-2CD91A017C10}.AppStore|iPhone.ActiveCfg = Release|Any CPU
		{99613107-DAA9-4BDE-A670-2CD91A017C10}.AppStore|iPhone.Build.0 = Release|Any CPU
		{99613107-DAA9-4BDE-A670-2CD91A017C10}.AppStore|iPhone.Deploy.0 = Release|Any CPU
		{99613107-DAA9-4BDE-A670-2CD91A017C10}.AppStore|iPhoneSimulator.ActiveCfg = Release|Any CPU
		{99613107-DAA9-4BDE-A670-2CD91A017C10}.AppStore|iPhoneSimulator.Build.0 = Release|Any CPU
		{99613107-DAA9-4BDE-A670-2CD91A017C10}.AppStore|iPhoneSimulator.Deploy.0 = Release|Any CPU
		{99613107-DAA9-4BDE-A670-2CD91A017C10}.AppStore|x64.ActiveCfg = Release|Any CPU
		{99613107-DAA9-4BDE-A670-2CD91A017C10}.AppStore|x64.Build.0 = Release|Any CPU
		{99613107-DAA9-4BDE-A670-2CD91A017C10}.AppStore|x64.Deploy.0 = Release|Any CPU
		{99613107-DAA9-4BDE-A670-2CD91A017C10}.AppStore|x86.ActiveCfg = Release|Any CPU
		{99613107-DAA9-4BDE-A670-2CD91A017C10}.AppStore|x86.Build.0 = Release|Any CPU
		{99613107-DAA9-4BDE-A670-2CD91A017C10}.AppStore|x86.Deploy.0 = Release|Any CPU
		{99613107-DAA9-4BDE-A670-2CD91A017C10}.Debug|Any CPU.ActiveCfg = Debug|Any CPU
		{99613107-DAA9-4BDE-A670-2CD91A017C10}.Debug|Any CPU.Build.0 = Debug|Any CPU
		{99613107-DAA9-4BDE-A670-2CD91A017C10}.Debug|Any CPU.Deploy.0 = Debug|Any CPU
		{99613107-DAA9-4BDE-A670-2CD91A017C10}.Debug|ARM.ActiveCfg = Debug|Any CPU
		{99613107-DAA9-4BDE-A670-2CD91A017C10}.Debug|ARM.Build.0 = Debug|Any CPU
		{99613107-DAA9-4BDE-A670-2CD91A017C10}.Debug|ARM.Deploy.0 = Debug|Any CPU
		{99613107-DAA9-4BDE-A670-2CD91A017C10}.Debug|iPhone.ActiveCfg = Debug|Any CPU
		{99613107-DAA9-4BDE-A670-2CD91A017C10}.Debug|iPhone.Build.0 = Debug|Any CPU
		{99613107-DAA9-4BDE-A670-2CD91A017C10}.Debug|iPhone.Deploy.0 = Debug|Any CPU
		{99613107-DAA9-4BDE-A670-2CD91A017C10}.Debug|iPhoneSimulator.ActiveCfg = Debug|Any CPU
		{99613107-DAA9-4BDE-A670-2CD91A017C10}.Debug|iPhoneSimulator.Build.0 = Debug|Any CPU
		{99613107-DAA9-4BDE-A670-2CD91A017C10}.Debug|iPhoneSimulator.Deploy.0 = Debug|Any CPU
		{99613107-DAA9-4BDE-A670-2CD91A017C10}.Debug|x64.ActiveCfg = Debug|Any CPU
		{99613107-DAA9-4BDE-A670-2CD91A017C10}.Debug|x64.Build.0 = Debug|Any CPU
		{99613107-DAA9-4BDE-A670-2CD91A017C10}.Debug|x64.Deploy.0 = Debug|Any CPU
		{99613107-DAA9-4BDE-A670-2CD91A017C10}.Debug|x86.ActiveCfg = Debug|Any CPU
		{99613107-DAA9-4BDE-A670-2CD91A017C10}.Debug|x86.Build.0 = Debug|Any CPU
		{99613107-DAA9-4BDE-A670-2CD91A017C10}.Debug|x86.Deploy.0 = Debug|Any CPU
		{99613107-DAA9-4BDE-A670-2CD91A017C10}.Release|Any CPU.ActiveCfg = Release|Any CPU
		{99613107-DAA9-4BDE-A670-2CD91A017C10}.Release|Any CPU.Build.0 = Release|Any CPU
		{99613107-DAA9-4BDE-A670-2CD91A017C10}.Release|Any CPU.Deploy.0 = Release|Any CPU
		{99613107-DAA9-4BDE-A670-2CD91A017C10}.Release|ARM.ActiveCfg = Release|Any CPU
		{99613107-DAA9-4BDE-A670-2CD91A017C10}.Release|ARM.Build.0 = Release|Any CPU
		{99613107-DAA9-4BDE-A670-2CD91A017C10}.Release|ARM.Deploy.0 = Release|Any CPU
		{99613107-DAA9-4BDE-A670-2CD91A017C10}.Release|iPhone.ActiveCfg = Release|Any CPU
		{99613107-DAA9-4BDE-A670-2CD91A017C10}.Release|iPhone.Build.0 = Release|Any CPU
		{99613107-DAA9-4BDE-A670-2CD91A017C10}.Release|iPhone.Deploy.0 = Release|Any CPU
		{99613107-DAA9-4BDE-A670-2CD91A017C10}.Release|iPhoneSimulator.ActiveCfg = Release|Any CPU
		{99613107-DAA9-4BDE-A670-2CD91A017C10}.Release|iPhoneSimulator.Build.0 = Release|Any CPU
		{99613107-DAA9-4BDE-A670-2CD91A017C10}.Release|iPhoneSimulator.Deploy.0 = Release|Any CPU
		{99613107-DAA9-4BDE-A670-2CD91A017C10}.Release|x64.ActiveCfg = Release|Any CPU
		{99613107-DAA9-4BDE-A670-2CD91A017C10}.Release|x64.Build.0 = Release|Any CPU
		{99613107-DAA9-4BDE-A670-2CD91A017C10}.Release|x64.Deploy.0 = Release|Any CPU
		{99613107-DAA9-4BDE-A670-2CD91A017C10}.Release|x86.ActiveCfg = Release|Any CPU
		{99613107-DAA9-4BDE-A670-2CD91A017C10}.Release|x86.Build.0 = Release|Any CPU
		{99613107-DAA9-4BDE-A670-2CD91A017C10}.Release|x86.Deploy.0 = Release|Any CPU
		{FF27D3C5-F42B-43E8-B4EE-049EDB8BD626}.Ad-Hoc|Any CPU.ActiveCfg = Release|Any CPU
		{FF27D3C5-F42B-43E8-B4EE-049EDB8BD626}.Ad-Hoc|Any CPU.Build.0 = Release|Any CPU
		{FF27D3C5-F42B-43E8-B4EE-049EDB8BD626}.Ad-Hoc|Any CPU.Deploy.0 = Release|Any CPU
		{FF27D3C5-F42B-43E8-B4EE-049EDB8BD626}.Ad-Hoc|ARM.ActiveCfg = Release|Any CPU
		{FF27D3C5-F42B-43E8-B4EE-049EDB8BD626}.Ad-Hoc|ARM.Build.0 = Release|Any CPU
		{FF27D3C5-F42B-43E8-B4EE-049EDB8BD626}.Ad-Hoc|ARM.Deploy.0 = Release|Any CPU
		{FF27D3C5-F42B-43E8-B4EE-049EDB8BD626}.Ad-Hoc|iPhone.ActiveCfg = Release|Any CPU
		{FF27D3C5-F42B-43E8-B4EE-049EDB8BD626}.Ad-Hoc|iPhone.Build.0 = Release|Any CPU
		{FF27D3C5-F42B-43E8-B4EE-049EDB8BD626}.Ad-Hoc|iPhone.Deploy.0 = Release|Any CPU
		{FF27D3C5-F42B-43E8-B4EE-049EDB8BD626}.Ad-Hoc|iPhoneSimulator.ActiveCfg = Release|Any CPU
		{FF27D3C5-F42B-43E8-B4EE-049EDB8BD626}.Ad-Hoc|iPhoneSimulator.Build.0 = Release|Any CPU
		{FF27D3C5-F42B-43E8-B4EE-049EDB8BD626}.Ad-Hoc|iPhoneSimulator.Deploy.0 = Release|Any CPU
		{FF27D3C5-F42B-43E8-B4EE-049EDB8BD626}.Ad-Hoc|x64.ActiveCfg = Release|Any CPU
		{FF27D3C5-F42B-43E8-B4EE-049EDB8BD626}.Ad-Hoc|x64.Build.0 = Release|Any CPU
		{FF27D3C5-F42B-43E8-B4EE-049EDB8BD626}.Ad-Hoc|x64.Deploy.0 = Release|Any CPU
		{FF27D3C5-F42B-43E8-B4EE-049EDB8BD626}.Ad-Hoc|x86.ActiveCfg = Release|Any CPU
		{FF27D3C5-F42B-43E8-B4EE-049EDB8BD626}.Ad-Hoc|x86.Build.0 = Release|Any CPU
		{FF27D3C5-F42B-43E8-B4EE-049EDB8BD626}.Ad-Hoc|x86.Deploy.0 = Release|Any CPU
		{FF27D3C5-F42B-43E8-B4EE-049EDB8BD626}.AppStore|Any CPU.ActiveCfg = Release|Any CPU
		{FF27D3C5-F42B-43E8-B4EE-049EDB8BD626}.AppStore|Any CPU.Build.0 = Release|Any CPU
		{FF27D3C5-F42B-43E8-B4EE-049EDB8BD626}.AppStore|Any CPU.Deploy.0 = Release|Any CPU
		{FF27D3C5-F42B-43E8-B4EE-049EDB8BD626}.AppStore|ARM.ActiveCfg = Release|Any CPU
		{FF27D3C5-F42B-43E8-B4EE-049EDB8BD626}.AppStore|ARM.Build.0 = Release|Any CPU
		{FF27D3C5-F42B-43E8-B4EE-049EDB8BD626}.AppStore|ARM.Deploy.0 = Release|Any CPU
		{FF27D3C5-F42B-43E8-B4EE-049EDB8BD626}.AppStore|iPhone.ActiveCfg = Release|Any CPU
		{FF27D3C5-F42B-43E8-B4EE-049EDB8BD626}.AppStore|iPhone.Build.0 = Release|Any CPU
		{FF27D3C5-F42B-43E8-B4EE-049EDB8BD626}.AppStore|iPhone.Deploy.0 = Release|Any CPU
		{FF27D3C5-F42B-43E8-B4EE-049EDB8BD626}.AppStore|iPhoneSimulator.ActiveCfg = Release|Any CPU
		{FF27D3C5-F42B-43E8-B4EE-049EDB8BD626}.AppStore|iPhoneSimulator.Build.0 = Release|Any CPU
		{FF27D3C5-F42B-43E8-B4EE-049EDB8BD626}.AppStore|iPhoneSimulator.Deploy.0 = Release|Any CPU
		{FF27D3C5-F42B-43E8-B4EE-049EDB8BD626}.AppStore|x64.ActiveCfg = Release|Any CPU
		{FF27D3C5-F42B-43E8-B4EE-049EDB8BD626}.AppStore|x64.Build.0 = Release|Any CPU
		{FF27D3C5-F42B-43E8-B4EE-049EDB8BD626}.AppStore|x64.Deploy.0 = Release|Any CPU
		{FF27D3C5-F42B-43E8-B4EE-049EDB8BD626}.AppStore|x86.ActiveCfg = Release|Any CPU
		{FF27D3C5-F42B-43E8-B4EE-049EDB8BD626}.AppStore|x86.Build.0 = Release|Any CPU
		{FF27D3C5-F42B-43E8-B4EE-049EDB8BD626}.AppStore|x86.Deploy.0 = Release|Any CPU
		{FF27D3C5-F42B-43E8-B4EE-049EDB8BD626}.Debug|Any CPU.ActiveCfg = Debug|Any CPU
		{FF27D3C5-F42B-43E8-B4EE-049EDB8BD626}.Debug|Any CPU.Build.0 = Debug|Any CPU
		{FF27D3C5-F42B-43E8-B4EE-049EDB8BD626}.Debug|Any CPU.Deploy.0 = Debug|Any CPU
		{FF27D3C5-F42B-43E8-B4EE-049EDB8BD626}.Debug|ARM.ActiveCfg = Debug|Any CPU
		{FF27D3C5-F42B-43E8-B4EE-049EDB8BD626}.Debug|ARM.Build.0 = Debug|Any CPU
		{FF27D3C5-F42B-43E8-B4EE-049EDB8BD626}.Debug|ARM.Deploy.0 = Debug|Any CPU
		{FF27D3C5-F42B-43E8-B4EE-049EDB8BD626}.Debug|iPhone.ActiveCfg = Debug|Any CPU
		{FF27D3C5-F42B-43E8-B4EE-049EDB8BD626}.Debug|iPhone.Build.0 = Debug|Any CPU
		{FF27D3C5-F42B-43E8-B4EE-049EDB8BD626}.Debug|iPhone.Deploy.0 = Debug|Any CPU
		{FF27D3C5-F42B-43E8-B4EE-049EDB8BD626}.Debug|iPhoneSimulator.ActiveCfg = Debug|Any CPU
		{FF27D3C5-F42B-43E8-B4EE-049EDB8BD626}.Debug|iPhoneSimulator.Build.0 = Debug|Any CPU
		{FF27D3C5-F42B-43E8-B4EE-049EDB8BD626}.Debug|iPhoneSimulator.Deploy.0 = Debug|Any CPU
		{FF27D3C5-F42B-43E8-B4EE-049EDB8BD626}.Debug|x64.ActiveCfg = Debug|Any CPU
		{FF27D3C5-F42B-43E8-B4EE-049EDB8BD626}.Debug|x64.Build.0 = Debug|Any CPU
		{FF27D3C5-F42B-43E8-B4EE-049EDB8BD626}.Debug|x64.Deploy.0 = Debug|Any CPU
		{FF27D3C5-F42B-43E8-B4EE-049EDB8BD626}.Debug|x86.ActiveCfg = Debug|Any CPU
		{FF27D3C5-F42B-43E8-B4EE-049EDB8BD626}.Debug|x86.Build.0 = Debug|Any CPU
		{FF27D3C5-F42B-43E8-B4EE-049EDB8BD626}.Debug|x86.Deploy.0 = Debug|Any CPU
		{FF27D3C5-F42B-43E8-B4EE-049EDB8BD626}.Release|Any CPU.ActiveCfg = Release|Any CPU
		{FF27D3C5-F42B-43E8-B4EE-049EDB8BD626}.Release|Any CPU.Build.0 = Release|Any CPU
		{FF27D3C5-F42B-43E8-B4EE-049EDB8BD626}.Release|Any CPU.Deploy.0 = Release|Any CPU
		{FF27D3C5-F42B-43E8-B4EE-049EDB8BD626}.Release|ARM.ActiveCfg = Release|Any CPU
		{FF27D3C5-F42B-43E8-B4EE-049EDB8BD626}.Release|ARM.Build.0 = Release|Any CPU
		{FF27D3C5-F42B-43E8-B4EE-049EDB8BD626}.Release|ARM.Deploy.0 = Release|Any CPU
		{FF27D3C5-F42B-43E8-B4EE-049EDB8BD626}.Release|iPhone.ActiveCfg = Release|Any CPU
		{FF27D3C5-F42B-43E8-B4EE-049EDB8BD626}.Release|iPhone.Build.0 = Release|Any CPU
		{FF27D3C5-F42B-43E8-B4EE-049EDB8BD626}.Release|iPhone.Deploy.0 = Release|Any CPU
		{FF27D3C5-F42B-43E8-B4EE-049EDB8BD626}.Release|iPhoneSimulator.ActiveCfg = Release|Any CPU
		{FF27D3C5-F42B-43E8-B4EE-049EDB8BD626}.Release|iPhoneSimulator.Build.0 = Release|Any CPU
		{FF27D3C5-F42B-43E8-B4EE-049EDB8BD626}.Release|iPhoneSimulator.Deploy.0 = Release|Any CPU
		{FF27D3C5-F42B-43E8-B4EE-049EDB8BD626}.Release|x64.ActiveCfg = Release|Any CPU
		{FF27D3C5-F42B-43E8-B4EE-049EDB8BD626}.Release|x64.Build.0 = Release|Any CPU
		{FF27D3C5-F42B-43E8-B4EE-049EDB8BD626}.Release|x64.Deploy.0 = Release|Any CPU
		{FF27D3C5-F42B-43E8-B4EE-049EDB8BD626}.Release|x86.ActiveCfg = Release|Any CPU
		{FF27D3C5-F42B-43E8-B4EE-049EDB8BD626}.Release|x86.Build.0 = Release|Any CPU
		{FF27D3C5-F42B-43E8-B4EE-049EDB8BD626}.Release|x86.Deploy.0 = Release|Any CPU
		{78D615FA-E611-4748-BE14-D0871DA20A8A}.Ad-Hoc|Any CPU.ActiveCfg = Ad-Hoc|iPhone
		{78D615FA-E611-4748-BE14-D0871DA20A8A}.Ad-Hoc|ARM.ActiveCfg = Ad-Hoc|iPhone
		{78D615FA-E611-4748-BE14-D0871DA20A8A}.Ad-Hoc|iPhone.ActiveCfg = Ad-Hoc|iPhone
		{78D615FA-E611-4748-BE14-D0871DA20A8A}.Ad-Hoc|iPhone.Build.0 = Ad-Hoc|iPhone
		{78D615FA-E611-4748-BE14-D0871DA20A8A}.Ad-Hoc|iPhoneSimulator.ActiveCfg = Ad-Hoc|iPhoneSimulator
		{78D615FA-E611-4748-BE14-D0871DA20A8A}.Ad-Hoc|iPhoneSimulator.Build.0 = Ad-Hoc|iPhoneSimulator
		{78D615FA-E611-4748-BE14-D0871DA20A8A}.Ad-Hoc|x64.ActiveCfg = Ad-Hoc|iPhone
		{78D615FA-E611-4748-BE14-D0871DA20A8A}.Ad-Hoc|x86.ActiveCfg = Ad-Hoc|iPhone
		{78D615FA-E611-4748-BE14-D0871DA20A8A}.AppStore|Any CPU.ActiveCfg = AppStore|iPhone
		{78D615FA-E611-4748-BE14-D0871DA20A8A}.AppStore|ARM.ActiveCfg = AppStore|iPhone
		{78D615FA-E611-4748-BE14-D0871DA20A8A}.AppStore|iPhone.ActiveCfg = AppStore|iPhone
		{78D615FA-E611-4748-BE14-D0871DA20A8A}.AppStore|iPhone.Build.0 = AppStore|iPhone
		{78D615FA-E611-4748-BE14-D0871DA20A8A}.AppStore|iPhoneSimulator.ActiveCfg = AppStore|iPhoneSimulator
		{78D615FA-E611-4748-BE14-D0871DA20A8A}.AppStore|iPhoneSimulator.Build.0 = AppStore|iPhoneSimulator
		{78D615FA-E611-4748-BE14-D0871DA20A8A}.AppStore|x64.ActiveCfg = AppStore|iPhone
		{78D615FA-E611-4748-BE14-D0871DA20A8A}.AppStore|x86.ActiveCfg = AppStore|iPhone
		{78D615FA-E611-4748-BE14-D0871DA20A8A}.Debug|Any CPU.ActiveCfg = Debug|iPhone
		{78D615FA-E611-4748-BE14-D0871DA20A8A}.Debug|ARM.ActiveCfg = Debug|iPhone
		{78D615FA-E611-4748-BE14-D0871DA20A8A}.Debug|iPhone.ActiveCfg = Debug|iPhone
		{78D615FA-E611-4748-BE14-D0871DA20A8A}.Debug|iPhone.Build.0 = Debug|iPhone
		{78D615FA-E611-4748-BE14-D0871DA20A8A}.Debug|iPhoneSimulator.ActiveCfg = Debug|iPhoneSimulator
		{78D615FA-E611-4748-BE14-D0871DA20A8A}.Debug|iPhoneSimulator.Build.0 = Debug|iPhoneSimulator
		{78D615FA-E611-4748-BE14-D0871DA20A8A}.Debug|x64.ActiveCfg = Debug|iPhone
		{78D615FA-E611-4748-BE14-D0871DA20A8A}.Debug|x86.ActiveCfg = Debug|iPhone
		{78D615FA-E611-4748-BE14-D0871DA20A8A}.Release|Any CPU.ActiveCfg = Release|iPhone
		{78D615FA-E611-4748-BE14-D0871DA20A8A}.Release|ARM.ActiveCfg = Release|iPhone
		{78D615FA-E611-4748-BE14-D0871DA20A8A}.Release|iPhone.ActiveCfg = Release|iPhone
		{78D615FA-E611-4748-BE14-D0871DA20A8A}.Release|iPhone.Build.0 = Release|iPhone
		{78D615FA-E611-4748-BE14-D0871DA20A8A}.Release|iPhoneSimulator.ActiveCfg = Release|iPhoneSimulator
		{78D615FA-E611-4748-BE14-D0871DA20A8A}.Release|iPhoneSimulator.Build.0 = Release|iPhoneSimulator
		{78D615FA-E611-4748-BE14-D0871DA20A8A}.Release|x64.ActiveCfg = Release|iPhone
		{78D615FA-E611-4748-BE14-D0871DA20A8A}.Release|x86.ActiveCfg = Release|iPhone
		{62E390C3-9B3E-458E-B60B-AC6FC59BE402}.Ad-Hoc|Any CPU.ActiveCfg = Release|Any CPU
		{62E390C3-9B3E-458E-B60B-AC6FC59BE402}.Ad-Hoc|Any CPU.Build.0 = Release|Any CPU
		{62E390C3-9B3E-458E-B60B-AC6FC59BE402}.Ad-Hoc|Any CPU.Deploy.0 = Release|Any CPU
		{62E390C3-9B3E-458E-B60B-AC6FC59BE402}.Ad-Hoc|ARM.ActiveCfg = Release|Any CPU
		{62E390C3-9B3E-458E-B60B-AC6FC59BE402}.Ad-Hoc|ARM.Build.0 = Release|Any CPU
		{62E390C3-9B3E-458E-B60B-AC6FC59BE402}.Ad-Hoc|ARM.Deploy.0 = Release|Any CPU
		{62E390C3-9B3E-458E-B60B-AC6FC59BE402}.Ad-Hoc|iPhone.ActiveCfg = Release|Any CPU
		{62E390C3-9B3E-458E-B60B-AC6FC59BE402}.Ad-Hoc|iPhone.Build.0 = Release|Any CPU
		{62E390C3-9B3E-458E-B60B-AC6FC59BE402}.Ad-Hoc|iPhone.Deploy.0 = Release|Any CPU
		{62E390C3-9B3E-458E-B60B-AC6FC59BE402}.Ad-Hoc|iPhoneSimulator.ActiveCfg = Release|Any CPU
		{62E390C3-9B3E-458E-B60B-AC6FC59BE402}.Ad-Hoc|iPhoneSimulator.Build.0 = Release|Any CPU
		{62E390C3-9B3E-458E-B60B-AC6FC59BE402}.Ad-Hoc|iPhoneSimulator.Deploy.0 = Release|Any CPU
		{62E390C3-9B3E-458E-B60B-AC6FC59BE402}.Ad-Hoc|x64.ActiveCfg = Release|Any CPU
		{62E390C3-9B3E-458E-B60B-AC6FC59BE402}.Ad-Hoc|x64.Build.0 = Release|Any CPU
		{62E390C3-9B3E-458E-B60B-AC6FC59BE402}.Ad-Hoc|x64.Deploy.0 = Release|Any CPU
		{62E390C3-9B3E-458E-B60B-AC6FC59BE402}.Ad-Hoc|x86.ActiveCfg = Release|Any CPU
		{62E390C3-9B3E-458E-B60B-AC6FC59BE402}.Ad-Hoc|x86.Build.0 = Release|Any CPU
		{62E390C3-9B3E-458E-B60B-AC6FC59BE402}.Ad-Hoc|x86.Deploy.0 = Release|Any CPU
		{62E390C3-9B3E-458E-B60B-AC6FC59BE402}.AppStore|Any CPU.ActiveCfg = Release|Any CPU
		{62E390C3-9B3E-458E-B60B-AC6FC59BE402}.AppStore|Any CPU.Build.0 = Release|Any CPU
		{62E390C3-9B3E-458E-B60B-AC6FC59BE402}.AppStore|Any CPU.Deploy.0 = Release|Any CPU
		{62E390C3-9B3E-458E-B60B-AC6FC59BE402}.AppStore|ARM.ActiveCfg = Release|Any CPU
		{62E390C3-9B3E-458E-B60B-AC6FC59BE402}.AppStore|ARM.Build.0 = Release|Any CPU
		{62E390C3-9B3E-458E-B60B-AC6FC59BE402}.AppStore|ARM.Deploy.0 = Release|Any CPU
		{62E390C3-9B3E-458E-B60B-AC6FC59BE402}.AppStore|iPhone.ActiveCfg = Release|Any CPU
		{62E390C3-9B3E-458E-B60B-AC6FC59BE402}.AppStore|iPhone.Build.0 = Release|Any CPU
		{62E390C3-9B3E-458E-B60B-AC6FC59BE402}.AppStore|iPhone.Deploy.0 = Release|Any CPU
		{62E390C3-9B3E-458E-B60B-AC6FC59BE402}.AppStore|iPhoneSimulator.ActiveCfg = Release|Any CPU
		{62E390C3-9B3E-458E-B60B-AC6FC59BE402}.AppStore|iPhoneSimulator.Build.0 = Release|Any CPU
		{62E390C3-9B3E-458E-B60B-AC6FC59BE402}.AppStore|iPhoneSimulator.Deploy.0 = Release|Any CPU
		{62E390C3-9B3E-458E-B60B-AC6FC59BE402}.AppStore|x64.ActiveCfg = Release|Any CPU
		{62E390C3-9B3E-458E-B60B-AC6FC59BE402}.AppStore|x64.Build.0 = Release|Any CPU
		{62E390C3-9B3E-458E-B60B-AC6FC59BE402}.AppStore|x64.Deploy.0 = Release|Any CPU
		{62E390C3-9B3E-458E-B60B-AC6FC59BE402}.AppStore|x86.ActiveCfg = Release|Any CPU
		{62E390C3-9B3E-458E-B60B-AC6FC59BE402}.AppStore|x86.Build.0 = Release|Any CPU
		{62E390C3-9B3E-458E-B60B-AC6FC59BE402}.AppStore|x86.Deploy.0 = Release|Any CPU
		{62E390C3-9B3E-458E-B60B-AC6FC59BE402}.Debug|Any CPU.ActiveCfg = Debug|Any CPU
		{62E390C3-9B3E-458E-B60B-AC6FC59BE402}.Debug|Any CPU.Build.0 = Debug|Any CPU
		{62E390C3-9B3E-458E-B60B-AC6FC59BE402}.Debug|Any CPU.Deploy.0 = Debug|Any CPU
		{62E390C3-9B3E-458E-B60B-AC6FC59BE402}.Debug|ARM.ActiveCfg = Debug|Any CPU
		{62E390C3-9B3E-458E-B60B-AC6FC59BE402}.Debug|ARM.Build.0 = Debug|Any CPU
		{62E390C3-9B3E-458E-B60B-AC6FC59BE402}.Debug|ARM.Deploy.0 = Debug|Any CPU
		{62E390C3-9B3E-458E-B60B-AC6FC59BE402}.Debug|iPhone.ActiveCfg = Debug|Any CPU
		{62E390C3-9B3E-458E-B60B-AC6FC59BE402}.Debug|iPhone.Build.0 = Debug|Any CPU
		{62E390C3-9B3E-458E-B60B-AC6FC59BE402}.Debug|iPhone.Deploy.0 = Debug|Any CPU
		{62E390C3-9B3E-458E-B60B-AC6FC59BE402}.Debug|iPhoneSimulator.ActiveCfg = Debug|Any CPU
		{62E390C3-9B3E-458E-B60B-AC6FC59BE402}.Debug|iPhoneSimulator.Build.0 = Debug|Any CPU
		{62E390C3-9B3E-458E-B60B-AC6FC59BE402}.Debug|iPhoneSimulator.Deploy.0 = Debug|Any CPU
		{62E390C3-9B3E-458E-B60B-AC6FC59BE402}.Debug|x64.ActiveCfg = Debug|Any CPU
		{62E390C3-9B3E-458E-B60B-AC6FC59BE402}.Debug|x64.Build.0 = Debug|Any CPU
		{62E390C3-9B3E-458E-B60B-AC6FC59BE402}.Debug|x64.Deploy.0 = Debug|Any CPU
		{62E390C3-9B3E-458E-B60B-AC6FC59BE402}.Debug|x86.ActiveCfg = Debug|Any CPU
		{62E390C3-9B3E-458E-B60B-AC6FC59BE402}.Debug|x86.Build.0 = Debug|Any CPU
		{62E390C3-9B3E-458E-B60B-AC6FC59BE402}.Debug|x86.Deploy.0 = Debug|Any CPU
		{62E390C3-9B3E-458E-B60B-AC6FC59BE402}.Release|Any CPU.ActiveCfg = Release|Any CPU
		{62E390C3-9B3E-458E-B60B-AC6FC59BE402}.Release|Any CPU.Build.0 = Release|Any CPU
		{62E390C3-9B3E-458E-B60B-AC6FC59BE402}.Release|Any CPU.Deploy.0 = Release|Any CPU
		{62E390C3-9B3E-458E-B60B-AC6FC59BE402}.Release|ARM.ActiveCfg = Release|Any CPU
		{62E390C3-9B3E-458E-B60B-AC6FC59BE402}.Release|ARM.Build.0 = Release|Any CPU
		{62E390C3-9B3E-458E-B60B-AC6FC59BE402}.Release|ARM.Deploy.0 = Release|Any CPU
		{62E390C3-9B3E-458E-B60B-AC6FC59BE402}.Release|iPhone.ActiveCfg = Release|Any CPU
		{62E390C3-9B3E-458E-B60B-AC6FC59BE402}.Release|iPhone.Build.0 = Release|Any CPU
		{62E390C3-9B3E-458E-B60B-AC6FC59BE402}.Release|iPhone.Deploy.0 = Release|Any CPU
		{62E390C3-9B3E-458E-B60B-AC6FC59BE402}.Release|iPhoneSimulator.ActiveCfg = Release|Any CPU
		{62E390C3-9B3E-458E-B60B-AC6FC59BE402}.Release|iPhoneSimulator.Build.0 = Release|Any CPU
		{62E390C3-9B3E-458E-B60B-AC6FC59BE402}.Release|iPhoneSimulator.Deploy.0 = Release|Any CPU
		{62E390C3-9B3E-458E-B60B-AC6FC59BE402}.Release|x64.ActiveCfg = Release|Any CPU
		{62E390C3-9B3E-458E-B60B-AC6FC59BE402}.Release|x64.Build.0 = Release|Any CPU
		{62E390C3-9B3E-458E-B60B-AC6FC59BE402}.Release|x64.Deploy.0 = Release|Any CPU
		{62E390C3-9B3E-458E-B60B-AC6FC59BE402}.Release|x86.ActiveCfg = Release|Any CPU
		{62E390C3-9B3E-458E-B60B-AC6FC59BE402}.Release|x86.Build.0 = Release|Any CPU
		{62E390C3-9B3E-458E-B60B-AC6FC59BE402}.Release|x86.Deploy.0 = Release|Any CPU
		{5668A51E-D135-4A09-BB6E-91FC45B34D68}.Ad-Hoc|Any CPU.ActiveCfg = Release|Any CPU
		{5668A51E-D135-4A09-BB6E-91FC45B34D68}.Ad-Hoc|Any CPU.Build.0 = Release|Any CPU
		{5668A51E-D135-4A09-BB6E-91FC45B34D68}.Ad-Hoc|Any CPU.Deploy.0 = Release|Any CPU
		{5668A51E-D135-4A09-BB6E-91FC45B34D68}.Ad-Hoc|ARM.ActiveCfg = Release|Any CPU
		{5668A51E-D135-4A09-BB6E-91FC45B34D68}.Ad-Hoc|ARM.Build.0 = Release|Any CPU
		{5668A51E-D135-4A09-BB6E-91FC45B34D68}.Ad-Hoc|ARM.Deploy.0 = Release|Any CPU
		{5668A51E-D135-4A09-BB6E-91FC45B34D68}.Ad-Hoc|iPhone.ActiveCfg = Release|Any CPU
		{5668A51E-D135-4A09-BB6E-91FC45B34D68}.Ad-Hoc|iPhone.Build.0 = Release|Any CPU
		{5668A51E-D135-4A09-BB6E-91FC45B34D68}.Ad-Hoc|iPhone.Deploy.0 = Release|Any CPU
		{5668A51E-D135-4A09-BB6E-91FC45B34D68}.Ad-Hoc|iPhoneSimulator.ActiveCfg = Release|Any CPU
		{5668A51E-D135-4A09-BB6E-91FC45B34D68}.Ad-Hoc|iPhoneSimulator.Build.0 = Release|Any CPU
		{5668A51E-D135-4A09-BB6E-91FC45B34D68}.Ad-Hoc|iPhoneSimulator.Deploy.0 = Release|Any CPU
		{5668A51E-D135-4A09-BB6E-91FC45B34D68}.Ad-Hoc|x64.ActiveCfg = Release|Any CPU
		{5668A51E-D135-4A09-BB6E-91FC45B34D68}.Ad-Hoc|x64.Build.0 = Release|Any CPU
		{5668A51E-D135-4A09-BB6E-91FC45B34D68}.Ad-Hoc|x64.Deploy.0 = Release|Any CPU
		{5668A51E-D135-4A09-BB6E-91FC45B34D68}.Ad-Hoc|x86.ActiveCfg = Release|Any CPU
		{5668A51E-D135-4A09-BB6E-91FC45B34D68}.Ad-Hoc|x86.Build.0 = Release|Any CPU
		{5668A51E-D135-4A09-BB6E-91FC45B34D68}.Ad-Hoc|x86.Deploy.0 = Release|Any CPU
		{5668A51E-D135-4A09-BB6E-91FC45B34D68}.AppStore|Any CPU.ActiveCfg = Release|Any CPU
		{5668A51E-D135-4A09-BB6E-91FC45B34D68}.AppStore|Any CPU.Build.0 = Release|Any CPU
		{5668A51E-D135-4A09-BB6E-91FC45B34D68}.AppStore|Any CPU.Deploy.0 = Release|Any CPU
		{5668A51E-D135-4A09-BB6E-91FC45B34D68}.AppStore|ARM.ActiveCfg = Release|Any CPU
		{5668A51E-D135-4A09-BB6E-91FC45B34D68}.AppStore|ARM.Build.0 = Release|Any CPU
		{5668A51E-D135-4A09-BB6E-91FC45B34D68}.AppStore|ARM.Deploy.0 = Release|Any CPU
		{5668A51E-D135-4A09-BB6E-91FC45B34D68}.AppStore|iPhone.ActiveCfg = Release|Any CPU
		{5668A51E-D135-4A09-BB6E-91FC45B34D68}.AppStore|iPhone.Build.0 = Release|Any CPU
		{5668A51E-D135-4A09-BB6E-91FC45B34D68}.AppStore|iPhone.Deploy.0 = Release|Any CPU
		{5668A51E-D135-4A09-BB6E-91FC45B34D68}.AppStore|iPhoneSimulator.ActiveCfg = Release|Any CPU
		{5668A51E-D135-4A09-BB6E-91FC45B34D68}.AppStore|iPhoneSimulator.Build.0 = Release|Any CPU
		{5668A51E-D135-4A09-BB6E-91FC45B34D68}.AppStore|iPhoneSimulator.Deploy.0 = Release|Any CPU
		{5668A51E-D135-4A09-BB6E-91FC45B34D68}.AppStore|x64.ActiveCfg = Release|Any CPU
		{5668A51E-D135-4A09-BB6E-91FC45B34D68}.AppStore|x64.Build.0 = Release|Any CPU
		{5668A51E-D135-4A09-BB6E-91FC45B34D68}.AppStore|x64.Deploy.0 = Release|Any CPU
		{5668A51E-D135-4A09-BB6E-91FC45B34D68}.AppStore|x86.ActiveCfg = Release|Any CPU
		{5668A51E-D135-4A09-BB6E-91FC45B34D68}.AppStore|x86.Build.0 = Release|Any CPU
		{5668A51E-D135-4A09-BB6E-91FC45B34D68}.AppStore|x86.Deploy.0 = Release|Any CPU
		{5668A51E-D135-4A09-BB6E-91FC45B34D68}.Debug|Any CPU.ActiveCfg = Debug|Any CPU
		{5668A51E-D135-4A09-BB6E-91FC45B34D68}.Debug|Any CPU.Build.0 = Debug|Any CPU
		{5668A51E-D135-4A09-BB6E-91FC45B34D68}.Debug|Any CPU.Deploy.0 = Debug|Any CPU
		{5668A51E-D135-4A09-BB6E-91FC45B34D68}.Debug|ARM.ActiveCfg = Debug|Any CPU
		{5668A51E-D135-4A09-BB6E-91FC45B34D68}.Debug|ARM.Build.0 = Debug|Any CPU
		{5668A51E-D135-4A09-BB6E-91FC45B34D68}.Debug|ARM.Deploy.0 = Debug|Any CPU
		{5668A51E-D135-4A09-BB6E-91FC45B34D68}.Debug|iPhone.ActiveCfg = Debug|Any CPU
		{5668A51E-D135-4A09-BB6E-91FC45B34D68}.Debug|iPhone.Build.0 = Debug|Any CPU
		{5668A51E-D135-4A09-BB6E-91FC45B34D68}.Debug|iPhone.Deploy.0 = Debug|Any CPU
		{5668A51E-D135-4A09-BB6E-91FC45B34D68}.Debug|iPhoneSimulator.ActiveCfg = Debug|Any CPU
		{5668A51E-D135-4A09-BB6E-91FC45B34D68}.Debug|iPhoneSimulator.Build.0 = Debug|Any CPU
		{5668A51E-D135-4A09-BB6E-91FC45B34D68}.Debug|iPhoneSimulator.Deploy.0 = Debug|Any CPU
		{5668A51E-D135-4A09-BB6E-91FC45B34D68}.Debug|x64.ActiveCfg = Debug|Any CPU
		{5668A51E-D135-4A09-BB6E-91FC45B34D68}.Debug|x64.Build.0 = Debug|Any CPU
		{5668A51E-D135-4A09-BB6E-91FC45B34D68}.Debug|x64.Deploy.0 = Debug|Any CPU
		{5668A51E-D135-4A09-BB6E-91FC45B34D68}.Debug|x86.ActiveCfg = Debug|Any CPU
		{5668A51E-D135-4A09-BB6E-91FC45B34D68}.Debug|x86.Build.0 = Debug|Any CPU
		{5668A51E-D135-4A09-BB6E-91FC45B34D68}.Debug|x86.Deploy.0 = Debug|Any CPU
		{5668A51E-D135-4A09-BB6E-91FC45B34D68}.Release|Any CPU.ActiveCfg = Release|Any CPU
		{5668A51E-D135-4A09-BB6E-91FC45B34D68}.Release|Any CPU.Build.0 = Release|Any CPU
		{5668A51E-D135-4A09-BB6E-91FC45B34D68}.Release|Any CPU.Deploy.0 = Release|Any CPU
		{5668A51E-D135-4A09-BB6E-91FC45B34D68}.Release|ARM.ActiveCfg = Release|Any CPU
		{5668A51E-D135-4A09-BB6E-91FC45B34D68}.Release|ARM.Build.0 = Release|Any CPU
		{5668A51E-D135-4A09-BB6E-91FC45B34D68}.Release|ARM.Deploy.0 = Release|Any CPU
		{5668A51E-D135-4A09-BB6E-91FC45B34D68}.Release|iPhone.ActiveCfg = Release|Any CPU
		{5668A51E-D135-4A09-BB6E-91FC45B34D68}.Release|iPhone.Build.0 = Release|Any CPU
		{5668A51E-D135-4A09-BB6E-91FC45B34D68}.Release|iPhone.Deploy.0 = Release|Any CPU
		{5668A51E-D135-4A09-BB6E-91FC45B34D68}.Release|iPhoneSimulator.ActiveCfg = Release|Any CPU
		{5668A51E-D135-4A09-BB6E-91FC45B34D68}.Release|iPhoneSimulator.Build.0 = Release|Any CPU
		{5668A51E-D135-4A09-BB6E-91FC45B34D68}.Release|iPhoneSimulator.Deploy.0 = Release|Any CPU
		{5668A51E-D135-4A09-BB6E-91FC45B34D68}.Release|x64.ActiveCfg = Release|Any CPU
		{5668A51E-D135-4A09-BB6E-91FC45B34D68}.Release|x64.Build.0 = Release|Any CPU
		{5668A51E-D135-4A09-BB6E-91FC45B34D68}.Release|x64.Deploy.0 = Release|Any CPU
		{5668A51E-D135-4A09-BB6E-91FC45B34D68}.Release|x86.ActiveCfg = Release|Any CPU
		{5668A51E-D135-4A09-BB6E-91FC45B34D68}.Release|x86.Build.0 = Release|Any CPU
		{5668A51E-D135-4A09-BB6E-91FC45B34D68}.Release|x86.Deploy.0 = Release|Any CPU
		{2D511168-658D-4A43-9233-7F5CC2139713}.Ad-Hoc|Any CPU.ActiveCfg = Release|Any CPU
		{2D511168-658D-4A43-9233-7F5CC2139713}.Ad-Hoc|Any CPU.Build.0 = Release|Any CPU
		{2D511168-658D-4A43-9233-7F5CC2139713}.Ad-Hoc|Any CPU.Deploy.0 = Release|Any CPU
		{2D511168-658D-4A43-9233-7F5CC2139713}.Ad-Hoc|ARM.ActiveCfg = Release|Any CPU
		{2D511168-658D-4A43-9233-7F5CC2139713}.Ad-Hoc|ARM.Build.0 = Release|Any CPU
		{2D511168-658D-4A43-9233-7F5CC2139713}.Ad-Hoc|ARM.Deploy.0 = Release|Any CPU
		{2D511168-658D-4A43-9233-7F5CC2139713}.Ad-Hoc|iPhone.ActiveCfg = Release|Any CPU
		{2D511168-658D-4A43-9233-7F5CC2139713}.Ad-Hoc|iPhone.Build.0 = Release|Any CPU
		{2D511168-658D-4A43-9233-7F5CC2139713}.Ad-Hoc|iPhone.Deploy.0 = Release|Any CPU
		{2D511168-658D-4A43-9233-7F5CC2139713}.Ad-Hoc|iPhoneSimulator.ActiveCfg = Release|Any CPU
		{2D511168-658D-4A43-9233-7F5CC2139713}.Ad-Hoc|iPhoneSimulator.Build.0 = Release|Any CPU
		{2D511168-658D-4A43-9233-7F5CC2139713}.Ad-Hoc|iPhoneSimulator.Deploy.0 = Release|Any CPU
		{2D511168-658D-4A43-9233-7F5CC2139713}.Ad-Hoc|x64.ActiveCfg = Release|Any CPU
		{2D511168-658D-4A43-9233-7F5CC2139713}.Ad-Hoc|x64.Build.0 = Release|Any CPU
		{2D511168-658D-4A43-9233-7F5CC2139713}.Ad-Hoc|x64.Deploy.0 = Release|Any CPU
		{2D511168-658D-4A43-9233-7F5CC2139713}.Ad-Hoc|x86.ActiveCfg = Release|Any CPU
		{2D511168-658D-4A43-9233-7F5CC2139713}.Ad-Hoc|x86.Build.0 = Release|Any CPU
		{2D511168-658D-4A43-9233-7F5CC2139713}.Ad-Hoc|x86.Deploy.0 = Release|Any CPU
		{2D511168-658D-4A43-9233-7F5CC2139713}.AppStore|Any CPU.ActiveCfg = Release|Any CPU
		{2D511168-658D-4A43-9233-7F5CC2139713}.AppStore|Any CPU.Build.0 = Release|Any CPU
		{2D511168-658D-4A43-9233-7F5CC2139713}.AppStore|Any CPU.Deploy.0 = Release|Any CPU
		{2D511168-658D-4A43-9233-7F5CC2139713}.AppStore|ARM.ActiveCfg = Release|Any CPU
		{2D511168-658D-4A43-9233-7F5CC2139713}.AppStore|ARM.Build.0 = Release|Any CPU
		{2D511168-658D-4A43-9233-7F5CC2139713}.AppStore|ARM.Deploy.0 = Release|Any CPU
		{2D511168-658D-4A43-9233-7F5CC2139713}.AppStore|iPhone.ActiveCfg = Release|Any CPU
		{2D511168-658D-4A43-9233-7F5CC2139713}.AppStore|iPhone.Build.0 = Release|Any CPU
		{2D511168-658D-4A43-9233-7F5CC2139713}.AppStore|iPhone.Deploy.0 = Release|Any CPU
		{2D511168-658D-4A43-9233-7F5CC2139713}.AppStore|iPhoneSimulator.ActiveCfg = Release|Any CPU
		{2D511168-658D-4A43-9233-7F5CC2139713}.AppStore|iPhoneSimulator.Build.0 = Release|Any CPU
		{2D511168-658D-4A43-9233-7F5CC2139713}.AppStore|iPhoneSimulator.Deploy.0 = Release|Any CPU
		{2D511168-658D-4A43-9233-7F5CC2139713}.AppStore|x64.ActiveCfg = Release|Any CPU
		{2D511168-658D-4A43-9233-7F5CC2139713}.AppStore|x64.Build.0 = Release|Any CPU
		{2D511168-658D-4A43-9233-7F5CC2139713}.AppStore|x64.Deploy.0 = Release|Any CPU
		{2D511168-658D-4A43-9233-7F5CC2139713}.AppStore|x86.ActiveCfg = Release|Any CPU
		{2D511168-658D-4A43-9233-7F5CC2139713}.AppStore|x86.Build.0 = Release|Any CPU
		{2D511168-658D-4A43-9233-7F5CC2139713}.AppStore|x86.Deploy.0 = Release|Any CPU
		{2D511168-658D-4A43-9233-7F5CC2139713}.Debug|Any CPU.ActiveCfg = Debug|Any CPU
		{2D511168-658D-4A43-9233-7F5CC2139713}.Debug|Any CPU.Build.0 = Debug|Any CPU
		{2D511168-658D-4A43-9233-7F5CC2139713}.Debug|Any CPU.Deploy.0 = Debug|Any CPU
		{2D511168-658D-4A43-9233-7F5CC2139713}.Debug|ARM.ActiveCfg = Debug|Any CPU
		{2D511168-658D-4A43-9233-7F5CC2139713}.Debug|ARM.Build.0 = Debug|Any CPU
		{2D511168-658D-4A43-9233-7F5CC2139713}.Debug|ARM.Deploy.0 = Debug|Any CPU
		{2D511168-658D-4A43-9233-7F5CC2139713}.Debug|iPhone.ActiveCfg = Debug|Any CPU
		{2D511168-658D-4A43-9233-7F5CC2139713}.Debug|iPhone.Build.0 = Debug|Any CPU
		{2D511168-658D-4A43-9233-7F5CC2139713}.Debug|iPhone.Deploy.0 = Debug|Any CPU
		{2D511168-658D-4A43-9233-7F5CC2139713}.Debug|iPhoneSimulator.ActiveCfg = Debug|Any CPU
		{2D511168-658D-4A43-9233-7F5CC2139713}.Debug|iPhoneSimulator.Build.0 = Debug|Any CPU
		{2D511168-658D-4A43-9233-7F5CC2139713}.Debug|iPhoneSimulator.Deploy.0 = Debug|Any CPU
		{2D511168-658D-4A43-9233-7F5CC2139713}.Debug|x64.ActiveCfg = Debug|Any CPU
		{2D511168-658D-4A43-9233-7F5CC2139713}.Debug|x64.Build.0 = Debug|Any CPU
		{2D511168-658D-4A43-9233-7F5CC2139713}.Debug|x64.Deploy.0 = Debug|Any CPU
		{2D511168-658D-4A43-9233-7F5CC2139713}.Debug|x86.ActiveCfg = Debug|Any CPU
		{2D511168-658D-4A43-9233-7F5CC2139713}.Debug|x86.Build.0 = Debug|Any CPU
		{2D511168-658D-4A43-9233-7F5CC2139713}.Debug|x86.Deploy.0 = Debug|Any CPU
		{2D511168-658D-4A43-9233-7F5CC2139713}.Release|Any CPU.ActiveCfg = Release|Any CPU
		{2D511168-658D-4A43-9233-7F5CC2139713}.Release|Any CPU.Build.0 = Release|Any CPU
		{2D511168-658D-4A43-9233-7F5CC2139713}.Release|Any CPU.Deploy.0 = Release|Any CPU
		{2D511168-658D-4A43-9233-7F5CC2139713}.Release|ARM.ActiveCfg = Release|Any CPU
		{2D511168-658D-4A43-9233-7F5CC2139713}.Release|ARM.Build.0 = Release|Any CPU
		{2D511168-658D-4A43-9233-7F5CC2139713}.Release|ARM.Deploy.0 = Release|Any CPU
		{2D511168-658D-4A43-9233-7F5CC2139713}.Release|iPhone.ActiveCfg = Release|Any CPU
		{2D511168-658D-4A43-9233-7F5CC2139713}.Release|iPhone.Build.0 = Release|Any CPU
		{2D511168-658D-4A43-9233-7F5CC2139713}.Release|iPhone.Deploy.0 = Release|Any CPU
		{2D511168-658D-4A43-9233-7F5CC2139713}.Release|iPhoneSimulator.ActiveCfg = Release|Any CPU
		{2D511168-658D-4A43-9233-7F5CC2139713}.Release|iPhoneSimulator.Build.0 = Release|Any CPU
		{2D511168-658D-4A43-9233-7F5CC2139713}.Release|iPhoneSimulator.Deploy.0 = Release|Any CPU
		{2D511168-658D-4A43-9233-7F5CC2139713}.Release|x64.ActiveCfg = Release|Any CPU
		{2D511168-658D-4A43-9233-7F5CC2139713}.Release|x64.Build.0 = Release|Any CPU
		{2D511168-658D-4A43-9233-7F5CC2139713}.Release|x64.Deploy.0 = Release|Any CPU
		{2D511168-658D-4A43-9233-7F5CC2139713}.Release|x86.ActiveCfg = Release|Any CPU
		{2D511168-658D-4A43-9233-7F5CC2139713}.Release|x86.Build.0 = Release|Any CPU
		{2D511168-658D-4A43-9233-7F5CC2139713}.Release|x86.Deploy.0 = Release|Any CPU
	EndGlobalSection
	GlobalSection(SolutionProperties) = preSolution
		HideSolutionNode = FALSE
	EndGlobalSection
EndGlobal
